
Microsoft Visual Studio Solution File, Format Version 12.00
# Visual Studio Version 17
VisualStudioVersion = 17.0.31903.59
MinimumVisualStudioVersion = 10.0.40219.1
Project("{2150E333-8FDC-42A3-9474-1A3956D46DE8}") = "src", "src", "{2F6DE9CE-404F-4DC3-A0FE-152C36CB1F10}"
EndProject
Project("{FAE04EC0-301F-11D3-BF4B-00C04F79EFBC}") = "AuctionSerice", "src\AuctionSerice\AuctionSerice.csproj", "{60D754CB-D0C9-4682-B28A-4B672C5D5E78}"
EndProject
Project("{FAE04EC0-301F-11D3-BF4B-00C04F79EFBC}") = "SearchService", "src\SearchService\SearchService.csproj", "{10B28007-D9B0-4D6C-BF5A-C95C545CF35F}"
EndProject
Global
	GlobalSection(SolutionConfigurationPlatforms) = preSolution
		Debug|Any CPU = Debug|Any CPU
		Release|Any CPU = Release|Any CPU
	EndGlobalSection
	GlobalSection(SolutionProperties) = preSolution
		HideSolutionNode = FALSE
	EndGlobalSection
	GlobalSection(ProjectConfigurationPlatforms) = postSolution
		{60D754CB-D0C9-4682-B28A-4B672C5D5E78}.Debug|Any CPU.ActiveCfg = Debug|Any CPU
		{60D754CB-D0C9-4682-B28A-4B672C5D5E78}.Debug|Any CPU.Build.0 = Debug|Any CPU
		{60D754CB-D0C9-4682-B28A-4B672C5D5E78}.Release|Any CPU.ActiveCfg = Release|Any CPU
		{60D754CB-D0C9-4682-B28A-4B672C5D5E78}.Release|Any CPU.Build.0 = Release|Any CPU
		{10B28007-D9B0-4D6C-BF5A-C95C545CF35F}.Debug|Any CPU.ActiveCfg = Debug|Any CPU
		{10B28007-D9B0-4D6C-BF5A-C95C545CF35F}.Debug|Any CPU.Build.0 = Debug|Any CPU
		{10B28007-D9B0-4D6C-BF5A-C95C545CF35F}.Release|Any CPU.ActiveCfg = Release|Any CPU
		{10B28007-D9B0-4D6C-BF5A-C95C545CF35F}.Release|Any CPU.Build.0 = Release|Any CPU
	EndGlobalSection
	GlobalSection(NestedProjects) = preSolution
		{60D754CB-D0C9-4682-B28A-4B672C5D5E78} = {2F6DE9CE-404F-4DC3-A0FE-152C36CB1F10}
		{10B28007-D9B0-4D6C-BF5A-C95C545CF35F} = {2F6DE9CE-404F-4DC3-A0FE-152C36CB1F10}
	EndGlobalSection
EndGlobal
